
Microsoft Visual Studio Solution File, Format Version 12.00
# Visual Studio 15
VisualStudioVersion = 15.0.27130.2027
MinimumVisualStudioVersion = 10.0.40219.1
Project("{FAE04EC0-301F-11D3-BF4B-00C04F79EFBC}") = "AplicacionMVCconRazor", "AplicacionMVCconRazor\AplicacionMVCconRazor.csproj", "{D0547F32-579F-439C-B385-523F9AFA0AB7}"
EndProject
Global
	GlobalSection(SolutionConfigurationPlatforms) = preSolution
		Debug|Any CPU = Debug|Any CPU
		Release|Any CPU = Release|Any CPU
	EndGlobalSection
	GlobalSection(ProjectConfigurationPlatforms) = postSolution
		{D0547F32-579F-439C-B385-523F9AFA0AB7}.Debug|Any CPU.ActiveCfg = Debug|Any CPU
		{D0547F32-579F-439C-B385-523F9AFA0AB7}.Debug|Any CPU.Build.0 = Debug|Any CPU
		{D0547F32-579F-439C-B385-523F9AFA0AB7}.Release|Any CPU.ActiveCfg = Release|Any CPU
		{D0547F32-579F-439C-B385-523F9AFA0AB7}.Release|Any CPU.Build.0 = Release|Any CPU
	EndGlobalSection
	GlobalSection(SolutionProperties) = preSolution
		HideSolutionNode = FALSE
	EndGlobalSection
	GlobalSection(ExtensibilityGlobals) = postSolution
		SolutionGuid = {63660F9C-E2DE-4927-BD99-794D3D49739C}
	EndGlobalSection
EndGlobal
